// !$*UTF8*$!
{
	archiveVersion = 1;
	classes = {
	};
	objectVersion = 46;
	objects = {

/* Begin PBXBuildFile section */
		59913F977937F0624A0047F7 /* Pods_ScannING.framework in Frameworks */ = {isa = PBXBuildFile; fileRef = 5476E8BCDE2E2204E092128A /* Pods_ScannING.framework */; };
		D582C3011CA1991E006A06B7 /* APIConnector.swift in Sources */ = {isa = PBXBuildFile; fileRef = D582C3001CA1991E006A06B7 /* APIConnector.swift */; };
		D582C3031CA19A8D006A06B7 /* QRCodeViewController.swift in Sources */ = {isa = PBXBuildFile; fileRef = D582C3021CA19A8D006A06B7 /* QRCodeViewController.swift */; };
		D582C3051CA1AC0E006A06B7 /* QRCodeDisplay.swift in Sources */ = {isa = PBXBuildFile; fileRef = D582C3041CA1AC0E006A06B7 /* QRCodeDisplay.swift */; };
		D582C3071CA1C553006A06B7 /* TransactionSetupViewController.swift in Sources */ = {isa = PBXBuildFile; fileRef = D582C3061CA1C553006A06B7 /* TransactionSetupViewController.swift */; };
		D582C3091CA1F1C7006A06B7 /* ConfirmationViewController.swift in Sources */ = {isa = PBXBuildFile; fileRef = D582C3081CA1F1C7006A06B7 /* ConfirmationViewController.swift */; };
		D582C30D1CA1FC4D006A06B7 /* SWRevealViewController.m in Sources */ = {isa = PBXBuildFile; fileRef = D582C30C1CA1FC4D006A06B7 /* SWRevealViewController.m */; };
		D582C31A1CA1FF1F006A06B7 /* Lato-Black.ttf in Resources */ = {isa = PBXBuildFile; fileRef = D582C30F1CA1FF1F006A06B7 /* Lato-Black.ttf */; };
		D582C31B1CA1FF1F006A06B7 /* Lato-BlackItalic.ttf in Resources */ = {isa = PBXBuildFile; fileRef = D582C3101CA1FF1F006A06B7 /* Lato-BlackItalic.ttf */; };
		D582C31C1CA1FF1F006A06B7 /* Lato-Bold.ttf in Resources */ = {isa = PBXBuildFile; fileRef = D582C3111CA1FF1F006A06B7 /* Lato-Bold.ttf */; };
		D582C31D1CA1FF1F006A06B7 /* Lato-BoldItalic.ttf in Resources */ = {isa = PBXBuildFile; fileRef = D582C3121CA1FF1F006A06B7 /* Lato-BoldItalic.ttf */; };
		D582C31E1CA1FF1F006A06B7 /* Lato-Hairline.ttf in Resources */ = {isa = PBXBuildFile; fileRef = D582C3131CA1FF1F006A06B7 /* Lato-Hairline.ttf */; };
		D582C31F1CA1FF1F006A06B7 /* Lato-HairlineItalic.ttf in Resources */ = {isa = PBXBuildFile; fileRef = D582C3141CA1FF1F006A06B7 /* Lato-HairlineItalic.ttf */; };
		D582C3201CA1FF1F006A06B7 /* Lato-Italic.ttf in Resources */ = {isa = PBXBuildFile; fileRef = D582C3151CA1FF1F006A06B7 /* Lato-Italic.ttf */; };
		D582C3211CA1FF1F006A06B7 /* Lato-Light.ttf in Resources */ = {isa = PBXBuildFile; fileRef = D582C3161CA1FF1F006A06B7 /* Lato-Light.ttf */; };
		D582C3221CA1FF1F006A06B7 /* Lato-LightItalic.ttf in Resources */ = {isa = PBXBuildFile; fileRef = D582C3171CA1FF1F006A06B7 /* Lato-LightItalic.ttf */; };
		D582C3231CA1FF1F006A06B7 /* Lato-Regular.ttf in Resources */ = {isa = PBXBuildFile; fileRef = D582C3181CA1FF1F006A06B7 /* Lato-Regular.ttf */; };
		D582C3241CA1FF1F006A06B7 /* OFL.txt in Resources */ = {isa = PBXBuildFile; fileRef = D582C3191CA1FF1F006A06B7 /* OFL.txt */; };
		D582C3261CA2364E006A06B7 /* WelcomeViewController.swift in Sources */ = {isa = PBXBuildFile; fileRef = D582C3251CA2364E006A06B7 /* WelcomeViewController.swift */; };
		D582C32F1CA23CEE006A06B7 /* MenuTableViewController.swift in Sources */ = {isa = PBXBuildFile; fileRef = D582C32E1CA23CEE006A06B7 /* MenuTableViewController.swift */; };
		D5EB79F11CA183280099570A /* AppDelegate.swift in Sources */ = {isa = PBXBuildFile; fileRef = D5EB79F01CA183280099570A /* AppDelegate.swift */; };
		D5EB79F31CA183280099570A /* ViewController.swift in Sources */ = {isa = PBXBuildFile; fileRef = D5EB79F21CA183280099570A /* ViewController.swift */; };
		D5EB79F61CA183280099570A /* Main.storyboard in Resources */ = {isa = PBXBuildFile; fileRef = D5EB79F41CA183280099570A /* Main.storyboard */; };
		D5EB79F81CA183280099570A /* Assets.xcassets in Resources */ = {isa = PBXBuildFile; fileRef = D5EB79F71CA183280099570A /* Assets.xcassets */; };
		D5EB79FB1CA183280099570A /* LaunchScreen.storyboard in Resources */ = {isa = PBXBuildFile; fileRef = D5EB79F91CA183280099570A /* LaunchScreen.storyboard */; };
/* End PBXBuildFile section */

/* Begin PBXFileReference section */
		38CA59822FB7444C7D389542 /* Pods-ScannING.debug.xcconfig */ = {isa = PBXFileReference; includeInIndex = 1; lastKnownFileType = text.xcconfig; name = "Pods-ScannING.debug.xcconfig"; path = "Pods/Target Support Files/Pods-ScannING/Pods-ScannING.debug.xcconfig"; sourceTree = "<group>"; };
		5476E8BCDE2E2204E092128A /* Pods_ScannING.framework */ = {isa = PBXFileReference; explicitFileType = wrapper.framework; includeInIndex = 0; path = Pods_ScannING.framework; sourceTree = BUILT_PRODUCTS_DIR; };
		D582C3001CA1991E006A06B7 /* APIConnector.swift */ = {isa = PBXFileReference; fileEncoding = 4; lastKnownFileType = sourcecode.swift; path = APIConnector.swift; sourceTree = "<group>"; };
		D582C3021CA19A8D006A06B7 /* QRCodeViewController.swift */ = {isa = PBXFileReference; fileEncoding = 4; lastKnownFileType = sourcecode.swift; path = QRCodeViewController.swift; sourceTree = "<group>"; };
		D582C3041CA1AC0E006A06B7 /* QRCodeDisplay.swift */ = {isa = PBXFileReference; fileEncoding = 4; lastKnownFileType = sourcecode.swift; path = QRCodeDisplay.swift; sourceTree = "<group>"; };
		D582C3061CA1C553006A06B7 /* TransactionSetupViewController.swift */ = {isa = PBXFileReference; fileEncoding = 4; lastKnownFileType = sourcecode.swift; path = TransactionSetupViewController.swift; sourceTree = "<group>"; };
		D582C3081CA1F1C7006A06B7 /* ConfirmationViewController.swift */ = {isa = PBXFileReference; fileEncoding = 4; lastKnownFileType = sourcecode.swift; path = ConfirmationViewController.swift; sourceTree = "<group>"; };
		D582C30B1CA1FC4D006A06B7 /* SWRevealViewController.h */ = {isa = PBXFileReference; fileEncoding = 4; lastKnownFileType = sourcecode.c.h; path = SWRevealViewController.h; sourceTree = "<group>"; };
		D582C30C1CA1FC4D006A06B7 /* SWRevealViewController.m */ = {isa = PBXFileReference; fileEncoding = 4; lastKnownFileType = sourcecode.c.objc; path = SWRevealViewController.m; sourceTree = "<group>"; };
		D582C30F1CA1FF1F006A06B7 /* Lato-Black.ttf */ = {isa = PBXFileReference; lastKnownFileType = file; path = "Lato-Black.ttf"; sourceTree = "<group>"; };
		D582C3101CA1FF1F006A06B7 /* Lato-BlackItalic.ttf */ = {isa = PBXFileReference; lastKnownFileType = file; path = "Lato-BlackItalic.ttf"; sourceTree = "<group>"; };
		D582C3111CA1FF1F006A06B7 /* Lato-Bold.ttf */ = {isa = PBXFileReference; lastKnownFileType = file; path = "Lato-Bold.ttf"; sourceTree = "<group>"; };
		D582C3121CA1FF1F006A06B7 /* Lato-BoldItalic.ttf */ = {isa = PBXFileReference; lastKnownFileType = file; path = "Lato-BoldItalic.ttf"; sourceTree = "<group>"; };
		D582C3131CA1FF1F006A06B7 /* Lato-Hairline.ttf */ = {isa = PBXFileReference; lastKnownFileType = file; path = "Lato-Hairline.ttf"; sourceTree = "<group>"; };
		D582C3141CA1FF1F006A06B7 /* Lato-HairlineItalic.ttf */ = {isa = PBXFileReference; lastKnownFileType = file; path = "Lato-HairlineItalic.ttf"; sourceTree = "<group>"; };
		D582C3151CA1FF1F006A06B7 /* Lato-Italic.ttf */ = {isa = PBXFileReference; lastKnownFileType = file; path = "Lato-Italic.ttf"; sourceTree = "<group>"; };
		D582C3161CA1FF1F006A06B7 /* Lato-Light.ttf */ = {isa = PBXFileReference; lastKnownFileType = file; path = "Lato-Light.ttf"; sourceTree = "<group>"; };
		D582C3171CA1FF1F006A06B7 /* Lato-LightItalic.ttf */ = {isa = PBXFileReference; lastKnownFileType = file; path = "Lato-LightItalic.ttf"; sourceTree = "<group>"; };
		D582C3181CA1FF1F006A06B7 /* Lato-Regular.ttf */ = {isa = PBXFileReference; lastKnownFileType = file; path = "Lato-Regular.ttf"; sourceTree = "<group>"; };
		D582C3191CA1FF1F006A06B7 /* OFL.txt */ = {isa = PBXFileReference; fileEncoding = 4; lastKnownFileType = text; path = OFL.txt; sourceTree = "<group>"; };
		D582C3251CA2364E006A06B7 /* WelcomeViewController.swift */ = {isa = PBXFileReference; fileEncoding = 4; lastKnownFileType = sourcecode.swift; path = WelcomeViewController.swift; sourceTree = "<group>"; };
		D582C32D1CA23AAB006A06B7 /* ScannING-Bridging-Header.h */ = {isa = PBXFileReference; lastKnownFileType = sourcecode.c.h; path = "ScannING-Bridging-Header.h"; sourceTree = "<group>"; };
		D582C32E1CA23CEE006A06B7 /* MenuTableViewController.swift */ = {isa = PBXFileReference; fileEncoding = 4; lastKnownFileType = sourcecode.swift; path = MenuTableViewController.swift; sourceTree = "<group>"; };
		D5EB79ED1CA183280099570A /* ScannING.app */ = {isa = PBXFileReference; explicitFileType = wrapper.application; includeInIndex = 0; path = ScannING.app; sourceTree = BUILT_PRODUCTS_DIR; };
		D5EB79F01CA183280099570A /* AppDelegate.swift */ = {isa = PBXFileReference; lastKnownFileType = sourcecode.swift; path = AppDelegate.swift; sourceTree = "<group>"; };
		D5EB79F21CA183280099570A /* ViewController.swift */ = {isa = PBXFileReference; lastKnownFileType = sourcecode.swift; path = ViewController.swift; sourceTree = "<group>"; };
		D5EB79F51CA183280099570A /* Base */ = {isa = PBXFileReference; lastKnownFileType = file.storyboard; name = Base; path = Base.lproj/Main.storyboard; sourceTree = "<group>"; };
		D5EB79F71CA183280099570A /* Assets.xcassets */ = {isa = PBXFileReference; lastKnownFileType = folder.assetcatalog; path = Assets.xcassets; sourceTree = "<group>"; };
		D5EB79FA1CA183280099570A /* Base */ = {isa = PBXFileReference; lastKnownFileType = file.storyboard; name = Base; path = Base.lproj/LaunchScreen.storyboard; sourceTree = "<group>"; };
		D5EB79FC1CA183280099570A /* Info.plist */ = {isa = PBXFileReference; lastKnownFileType = text.plist.xml; path = Info.plist; sourceTree = "<group>"; };
		E8E54214C0EE07D5095CF1CB /* Pods-ScannING.release.xcconfig */ = {isa = PBXFileReference; includeInIndex = 1; lastKnownFileType = text.xcconfig; name = "Pods-ScannING.release.xcconfig"; path = "Pods/Target Support Files/Pods-ScannING/Pods-ScannING.release.xcconfig"; sourceTree = "<group>"; };
/* End PBXFileReference section */

/* Begin PBXFrameworksBuildPhase section */
		D5EB79EA1CA183280099570A /* Frameworks */ = {
			isa = PBXFrameworksBuildPhase;
			buildActionMask = 2147483647;
			files = (
				59913F977937F0624A0047F7 /* Pods_ScannING.framework in Frameworks */,
			);
			runOnlyForDeploymentPostprocessing = 0;
		};
/* End PBXFrameworksBuildPhase section */

/* Begin PBXGroup section */
		963DA89E52289365DEEBECEC /* Pods */ = {
			isa = PBXGroup;
			children = (
				38CA59822FB7444C7D389542 /* Pods-ScannING.debug.xcconfig */,
				E8E54214C0EE07D5095CF1CB /* Pods-ScannING.release.xcconfig */,
			);
			name = Pods;
			sourceTree = "<group>";
		};
		D582C30A1CA1FC4D006A06B7 /* SWRevealViewController */ = {
			isa = PBXGroup;
			children = (
				D582C30B1CA1FC4D006A06B7 /* SWRevealViewController.h */,
				D582C30C1CA1FC4D006A06B7 /* SWRevealViewController.m */,
			);
			path = SWRevealViewController;
			sourceTree = "<group>";
		};
		D582C30E1CA1FF1F006A06B7 /* Lato */ = {
			isa = PBXGroup;
			children = (
				D582C30F1CA1FF1F006A06B7 /* Lato-Black.ttf */,
				D582C3101CA1FF1F006A06B7 /* Lato-BlackItalic.ttf */,
				D582C3111CA1FF1F006A06B7 /* Lato-Bold.ttf */,
				D582C3121CA1FF1F006A06B7 /* Lato-BoldItalic.ttf */,
				D582C3131CA1FF1F006A06B7 /* Lato-Hairline.ttf */,
				D582C3141CA1FF1F006A06B7 /* Lato-HairlineItalic.ttf */,
				D582C3151CA1FF1F006A06B7 /* Lato-Italic.ttf */,
				D582C3161CA1FF1F006A06B7 /* Lato-Light.ttf */,
				D582C3171CA1FF1F006A06B7 /* Lato-LightItalic.ttf */,
				D582C3181CA1FF1F006A06B7 /* Lato-Regular.ttf */,
				D582C3191CA1FF1F006A06B7 /* OFL.txt */,
			);
			path = Lato;
			sourceTree = "<group>";
		};
		D5EB79E41CA183280099570A = {
			isa = PBXGroup;
			children = (
				D5EB79EF1CA183280099570A /* ScannING */,
				D5EB79EE1CA183280099570A /* Products */,
				963DA89E52289365DEEBECEC /* Pods */,
				EC0CABADB546A164007032F1 /* Frameworks */,
			);
			sourceTree = "<group>";
		};
		D5EB79EE1CA183280099570A /* Products */ = {
			isa = PBXGroup;
			children = (
				D5EB79ED1CA183280099570A /* ScannING.app */,
			);
			name = Products;
			sourceTree = "<group>";
		};
		D5EB79EF1CA183280099570A /* ScannING */ = {
			isa = PBXGroup;
			children = (
				D582C30E1CA1FF1F006A06B7 /* Lato */,
				D582C30A1CA1FC4D006A06B7 /* SWRevealViewController */,
				D5EB79F01CA183280099570A /* AppDelegate.swift */,
				D5EB79F21CA183280099570A /* ViewController.swift */,
				D582C3001CA1991E006A06B7 /* APIConnector.swift */,
				D582C3251CA2364E006A06B7 /* WelcomeViewController.swift */,
				D582C32E1CA23CEE006A06B7 /* MenuTableViewController.swift */,
				D5EB79F41CA183280099570A /* Main.storyboard */,
				D582C3021CA19A8D006A06B7 /* QRCodeViewController.swift */,
				D582C3081CA1F1C7006A06B7 /* ConfirmationViewController.swift */,
				D582C3061CA1C553006A06B7 /* TransactionSetupViewController.swift */,
				D582C3041CA1AC0E006A06B7 /* QRCodeDisplay.swift */,
				D582C32D1CA23AAB006A06B7 /* ScannING-Bridging-Header.h */,
				D5EB79F71CA183280099570A /* Assets.xcassets */,
				D5EB79F91CA183280099570A /* LaunchScreen.storyboard */,
				D5EB79FC1CA183280099570A /* Info.plist */,
			);
			path = ScannING;
			sourceTree = "<group>";
		};
		EC0CABADB546A164007032F1 /* Frameworks */ = {
			isa = PBXGroup;
			children = (
				5476E8BCDE2E2204E092128A /* Pods_ScannING.framework */,
			);
			name = Frameworks;
			sourceTree = "<group>";
		};
/* End PBXGroup section */

/* Begin PBXNativeTarget section */
		D5EB79EC1CA183280099570A /* ScannING */ = {
			isa = PBXNativeTarget;
			buildConfigurationList = D5EB79FF1CA183280099570A /* Build configuration list for PBXNativeTarget "ScannING" */;
			buildPhases = (
				736652D64B571752E71FB101 /* Check Pods Manifest.lock */,
				D5EB79E91CA183280099570A /* Sources */,
				D5EB79EA1CA183280099570A /* Frameworks */,
				D5EB79EB1CA183280099570A /* Resources */,
				B1473056B06BD6A0E90FE186 /* Embed Pods Frameworks */,
				324D2FE44C5DD7DC01F6CFE2 /* Copy Pods Resources */,
			);
			buildRules = (
			);
			dependencies = (
			);
			name = ScannING;
			productName = ScannING;
			productReference = D5EB79ED1CA183280099570A /* ScannING.app */;
			productType = "com.apple.product-type.application";
		};
/* End PBXNativeTarget section */

/* Begin PBXProject section */
		D5EB79E51CA183280099570A /* Project object */ = {
			isa = PBXProject;
			attributes = {
				LastSwiftUpdateCheck = 0720;
				LastUpgradeCheck = 0720;
				ORGANIZATIONNAME = ScannING;
				TargetAttributes = {
					D5EB79EC1CA183280099570A = {
						CreatedOnToolsVersion = 7.2.1;
					};
				};
			};
			buildConfigurationList = D5EB79E81CA183280099570A /* Build configuration list for PBXProject "ScannING" */;
			compatibilityVersion = "Xcode 3.2";
			developmentRegion = English;
			hasScannedForEncodings = 0;
			knownRegions = (
				en,
				Base,
			);
			mainGroup = D5EB79E41CA183280099570A;
			productRefGroup = D5EB79EE1CA183280099570A /* Products */;
			projectDirPath = "";
			projectRoot = "";
			targets = (
				D5EB79EC1CA183280099570A /* ScannING */,
			);
		};
/* End PBXProject section */

/* Begin PBXResourcesBuildPhase section */
		D5EB79EB1CA183280099570A /* Resources */ = {
			isa = PBXResourcesBuildPhase;
			buildActionMask = 2147483647;
			files = (
				D582C3241CA1FF1F006A06B7 /* OFL.txt in Resources */,
				D582C3201CA1FF1F006A06B7 /* Lato-Italic.ttf in Resources */,
				D582C31A1CA1FF1F006A06B7 /* Lato-Black.ttf in Resources */,
				D582C31C1CA1FF1F006A06B7 /* Lato-Bold.ttf in Resources */,
				D582C3211CA1FF1F006A06B7 /* Lato-Light.ttf in Resources */,
				D5EB79FB1CA183280099570A /* LaunchScreen.storyboard in Resources */,
				D582C31B1CA1FF1F006A06B7 /* Lato-BlackItalic.ttf in Resources */,
				D5EB79F81CA183280099570A /* Assets.xcassets in Resources */,
				D582C3221CA1FF1F006A06B7 /* Lato-LightItalic.ttf in Resources */,
				D582C31F1CA1FF1F006A06B7 /* Lato-HairlineItalic.ttf in Resources */,
				D582C31D1CA1FF1F006A06B7 /* Lato-BoldItalic.ttf in Resources */,
				D582C3231CA1FF1F006A06B7 /* Lato-Regular.ttf in Resources */,
				D582C31E1CA1FF1F006A06B7 /* Lato-Hairline.ttf in Resources */,
				D5EB79F61CA183280099570A /* Main.storyboard in Resources */,
			);
			runOnlyForDeploymentPostprocessing = 0;
		};
/* End PBXResourcesBuildPhase section */

/* Begin PBXShellScriptBuildPhase section */
		324D2FE44C5DD7DC01F6CFE2 /* Copy Pods Resources */ = {
			isa = PBXShellScriptBuildPhase;
			buildActionMask = 2147483647;
			files = (
			);
			inputPaths = (
			);
			name = "Copy Pods Resources";
			outputPaths = (
			);
			runOnlyForDeploymentPostprocessing = 0;
			shellPath = /bin/sh;
			shellScript = "\"${SRCROOT}/Pods/Target Support Files/Pods-ScannING/Pods-ScannING-resources.sh\"\n";
			showEnvVarsInLog = 0;
		};
		736652D64B571752E71FB101 /* Check Pods Manifest.lock */ = {
			isa = PBXShellScriptBuildPhase;
			buildActionMask = 2147483647;
			files = (
			);
			inputPaths = (
			);
			name = "Check Pods Manifest.lock";
			outputPaths = (
			);
			runOnlyForDeploymentPostprocessing = 0;
			shellPath = /bin/sh;
			shellScript = "diff \"${PODS_ROOT}/../Podfile.lock\" \"${PODS_ROOT}/Manifest.lock\" > /dev/null\nif [[ $? != 0 ]] ; then\n    cat << EOM\nerror: The sandbox is not in sync with the Podfile.lock. Run 'pod install' or update your CocoaPods installation.\nEOM\n    exit 1\nfi\n";
			showEnvVarsInLog = 0;
		};
		B1473056B06BD6A0E90FE186 /* Embed Pods Frameworks */ = {
			isa = PBXShellScriptBuildPhase;
			buildActionMask = 2147483647;
			files = (
			);
			inputPaths = (
			);
			name = "Embed Pods Frameworks";
			outputPaths = (
			);
			runOnlyForDeploymentPostprocessing = 0;
			shellPath = /bin/sh;
			shellScript = "\"${SRCROOT}/Pods/Target Support Files/Pods-ScannING/Pods-ScannING-frameworks.sh\"\n";
			showEnvVarsInLog = 0;
		};
/* End PBXShellScriptBuildPhase section */

/* Begin PBXSourcesBuildPhase section */
		D5EB79E91CA183280099570A /* Sources */ = {
			isa = PBXSourcesBuildPhase;
			buildActionMask = 2147483647;
			files = (
				D582C3261CA2364E006A06B7 /* WelcomeViewController.swift in Sources */,
				D582C3091CA1F1C7006A06B7 /* ConfirmationViewController.swift in Sources */,
				D582C32F1CA23CEE006A06B7 /* MenuTableViewController.swift in Sources */,
				D582C3011CA1991E006A06B7 /* APIConnector.swift in Sources */,
				D582C3071CA1C553006A06B7 /* TransactionSetupViewController.swift in Sources */,
				D582C30D1CA1FC4D006A06B7 /* SWRevealViewController.m in Sources */,
				D5EB79F31CA183280099570A /* ViewController.swift in Sources */,
				D582C3031CA19A8D006A06B7 /* QRCodeViewController.swift in Sources */,
				D582C3051CA1AC0E006A06B7 /* QRCodeDisplay.swift in Sources */,
				D5EB79F11CA183280099570A /* AppDelegate.swift in Sources */,
			);
			runOnlyForDeploymentPostprocessing = 0;
		};
/* End PBXSourcesBuildPhase section */

/* Begin PBXVariantGroup section */
		D5EB79F41CA183280099570A /* Main.storyboard */ = {
			isa = PBXVariantGroup;
			children = (
				D5EB79F51CA183280099570A /* Base */,
			);
			name = Main.storyboard;
			sourceTree = "<group>";
		};
		D5EB79F91CA183280099570A /* LaunchScreen.storyboard */ = {
			isa = PBXVariantGroup;
			children = (
				D5EB79FA1CA183280099570A /* Base */,
			);
			name = LaunchScreen.storyboard;
			sourceTree = "<group>";
		};
/* End PBXVariantGroup section */

/* Begin XCBuildConfiguration section */
		D5EB79FD1CA183280099570A /* Debug */ = {
			isa = XCBuildConfiguration;
			buildSettings = {
				ALWAYS_SEARCH_USER_PATHS = NO;
				CLANG_CXX_LANGUAGE_STANDARD = "gnu++0x";
				CLANG_CXX_LIBRARY = "libc++";
				CLANG_ENABLE_MODULES = YES;
				CLANG_ENABLE_OBJC_ARC = YES;
				CLANG_WARN_BOOL_CONVERSION = YES;
				CLANG_WARN_CONSTANT_CONVERSION = YES;
				CLANG_WARN_DIRECT_OBJC_ISA_USAGE = YES_ERROR;
				CLANG_WARN_EMPTY_BODY = YES;
				CLANG_WARN_ENUM_CONVERSION = YES;
				CLANG_WARN_INT_CONVERSION = YES;
				CLANG_WARN_OBJC_ROOT_CLASS = YES_ERROR;
				CLANG_WARN_UNREACHABLE_CODE = YES;
				CLANG_WARN__DUPLICATE_METHOD_MATCH = YES;
				"CODE_SIGN_IDENTITY[sdk=iphoneos*]" = "iPhone Developer";
				COPY_PHASE_STRIP = NO;
				DEBUG_INFORMATION_FORMAT = dwarf;
				ENABLE_STRICT_OBJC_MSGSEND = YES;
				ENABLE_TESTABILITY = YES;
				GCC_C_LANGUAGE_STANDARD = gnu99;
				GCC_DYNAMIC_NO_PIC = NO;
				GCC_NO_COMMON_BLOCKS = YES;
				GCC_OPTIMIZATION_LEVEL = 0;
				GCC_PREPROCESSOR_DEFINITIONS = (
					"DEBUG=1",
					"$(inherited)",
				);
				GCC_WARN_64_TO_32_BIT_CONVERSION = YES;
				GCC_WARN_ABOUT_RETURN_TYPE = YES_ERROR;
				GCC_WARN_UNDECLARED_SELECTOR = YES;
				GCC_WARN_UNINITIALIZED_AUTOS = YES_AGGRESSIVE;
				GCC_WARN_UNUSED_FUNCTION = YES;
				GCC_WARN_UNUSED_VARIABLE = YES;
				IPHONEOS_DEPLOYMENT_TARGET = 9.2;
				MTL_ENABLE_DEBUG_INFO = YES;
				ONLY_ACTIVE_ARCH = YES;
				SDKROOT = iphoneos;
				SWIFT_OPTIMIZATION_LEVEL = "-Onone";
			};
			name = Debug;
		};
		D5EB79FE1CA183280099570A /* Release */ = {
			isa = XCBuildConfiguration;
			buildSettings = {
				ALWAYS_SEARCH_USER_PATHS = NO;
				CLANG_CXX_LANGUAGE_STANDARD = "gnu++0x";
				CLANG_CXX_LIBRARY = "libc++";
				CLANG_ENABLE_MODULES = YES;
				CLANG_ENABLE_OBJC_ARC = YES;
				CLANG_WARN_BOOL_CONVERSION = YES;
				CLANG_WARN_CONSTANT_CONVERSION = YES;
				CLANG_WARN_DIRECT_OBJC_ISA_USAGE = YES_ERROR;
				CLANG_WARN_EMPTY_BODY = YES;
				CLANG_WARN_ENUM_CONVERSION = YES;
				CLANG_WARN_INT_CONVERSION = YES;
				CLANG_WARN_OBJC_ROOT_CLASS = YES_ERROR;
				CLANG_WARN_UNREACHABLE_CODE = YES;
				CLANG_WARN__DUPLICATE_METHOD_MATCH = YES;
				"CODE_SIGN_IDENTITY[sdk=iphoneos*]" = "iPhone Developer";
				COPY_PHASE_STRIP = NO;
				DEBUG_INFORMATION_FORMAT = "dwarf-with-dsym";
				ENABLE_NS_ASSERTIONS = NO;
				ENABLE_STRICT_OBJC_MSGSEND = YES;
				GCC_C_LANGUAGE_STANDARD = gnu99;
				GCC_NO_COMMON_BLOCKS = YES;
				GCC_WARN_64_TO_32_BIT_CONVERSION = YES;
				GCC_WARN_ABOUT_RETURN_TYPE = YES_ERROR;
				GCC_WARN_UNDECLARED_SELECTOR = YES;
				GCC_WARN_UNINITIALIZED_AUTOS = YES_AGGRESSIVE;
				GCC_WARN_UNUSED_FUNCTION = YES;
				GCC_WARN_UNUSED_VARIABLE = YES;
				IPHONEOS_DEPLOYMENT_TARGET = 9.2;
				MTL_ENABLE_DEBUG_INFO = NO;
				SDKROOT = iphoneos;
				VALIDATE_PRODUCT = YES;
			};
			name = Release;
		};
		D5EB7A001CA183280099570A /* Debug */ = {
			isa = XCBuildConfiguration;
			baseConfigurationReference = 38CA59822FB7444C7D389542 /* Pods-ScannING.debug.xcconfig */;
			buildSettings = {
				ASSETCATALOG_COMPILER_APPICON_NAME = AppIcon;
				INFOPLIST_FILE = ScannING/Info.plist;
				LD_RUNPATH_SEARCH_PATHS = "$(inherited) @executable_path/Frameworks";
				PRODUCT_BUNDLE_IDENTIFIER = nl.scanning.ScannING;
				PRODUCT_NAME = "$(TARGET_NAME)";
				SWIFT_OBJC_BRIDGING_HEADER = "ScannING/ScannING-Bridging-Header.h";
			};
			name = Debug;
		};
		D5EB7A011CA183280099570A /* Release */ = {
			isa = XCBuildConfiguration;
			baseConfigurationReference = E8E54214C0EE07D5095CF1CB /* Pods-ScannING.release.xcconfig */;
			buildSettings = {
				ASSETCATALOG_COMPILER_APPICON_NAME = AppIcon;
				INFOPLIST_FILE = ScannING/Info.plist;
				LD_RUNPATH_SEARCH_PATHS = "$(inherited) @executable_path/Frameworks";
				PRODUCT_BUNDLE_IDENTIFIER = nl.scanning.ScannING;
				PRODUCT_NAME = "$(TARGET_NAME)";
				SWIFT_OBJC_BRIDGING_HEADER = "ScannING/ScannING-Bridging-Header.h";
			};
			name = Release;
		};
/* End XCBuildConfiguration section */

/* Begin XCConfigurationList section */
		D5EB79E81CA183280099570A /* Build configuration list for PBXProject "ScannING" */ = {
			isa = XCConfigurationList;
			buildConfigurations = (
				D5EB79FD1CA183280099570A /* Debug */,
				D5EB79FE1CA183280099570A /* Release */,
			);
			defaultConfigurationIsVisible = 0;
			defaultConfigurationName = Release;
		};
		D5EB79FF1CA183280099570A /* Build configuration list for PBXNativeTarget "ScannING" */ = {
			isa = XCConfigurationList;
			buildConfigurations = (
				D5EB7A001CA183280099570A /* Debug */,
				D5EB7A011CA183280099570A /* Release */,
			);
			defaultConfigurationIsVisible = 0;
			defaultConfigurationName = Release;
		};
/* End XCConfigurationList section */
	};
	rootObject = D5EB79E51CA183280099570A /* Project object */;
}
